
Microsoft Visual Studio Solution File, Format Version 12.00
# Visual Studio Version 17
VisualStudioVersion = 17.3.32929.385
MinimumVisualStudioVersion = 10.0.40219.1
Project("{FAE04EC0-301F-11D3-BF4B-00C04F79EFBC}") = "UniversityApiBackend", "UniversityApiBackend\UniversityApiBackend.csproj", "{02C9ACC5-7AB3-4063-8E8D-80115637773D}"
EndProject
Global
	GlobalSection(SolutionConfigurationPlatforms) = preSolution
		Debug|Any CPU = Debug|Any CPU
		Release|Any CPU = Release|Any CPU
	EndGlobalSection
	GlobalSection(ProjectConfigurationPlatforms) = postSolution
		{02C9ACC5-7AB3-4063-8E8D-80115637773D}.Debug|Any CPU.ActiveCfg = Debug|Any CPU
		{02C9ACC5-7AB3-4063-8E8D-80115637773D}.Debug|Any CPU.Build.0 = Debug|Any CPU
		{02C9ACC5-7AB3-4063-8E8D-80115637773D}.Release|Any CPU.ActiveCfg = Release|Any CPU
		{02C9ACC5-7AB3-4063-8E8D-80115637773D}.Release|Any CPU.Build.0 = Release|Any CPU
	EndGlobalSection
	GlobalSection(SolutionProperties) = preSolution
		HideSolutionNode = FALSE
	EndGlobalSection
	GlobalSection(ExtensibilityGlobals) = postSolution
		SolutionGuid = {2289BE46-AA36-41C0-8F56-DF066FFB20C3}
	EndGlobalSection
EndGlobal
